
Microsoft Visual Studio Solution File, Format Version 12.00
# Visual Studio Version 17
VisualStudioVersion = 17.8.34330.188
MinimumVisualStudioVersion = 10.0.40219.1
Project("{2150E333-8FDC-42A3-9474-1A3956D46DE8}") = "Day 1", "Day 1", "{D5B78DA6-8B3B-49F3-B618-B6B4FCB4A479}"
	ProjectSection(SolutionItems) = preProject
		Day 1\input.txt = Day 1\input.txt
		Day 1\input_sample.txt = Day 1\input_sample.txt
		Day 1\input_sample2.txt = Day 1\input_sample2.txt
	EndProjectSection
EndProject
Project("{9A19103F-16F7-4668-BE54-9A1E7A4F7556}") = "Trebuchet", "Day 1\Trebuchet\Trebuchet.csproj", "{7C9E3248-30F8-48B9-BE6C-0F69DF1477CC}"
EndProject
Project("{FAE04EC0-301F-11D3-BF4B-00C04F79EFBC}") = "PartTwo", "Day 1\PartTwo\PartTwo.csproj", "{D03BE23E-28CF-4E28-ACF0-474A14BF7145}"
EndProject
Global
	GlobalSection(SolutionConfigurationPlatforms) = preSolution
		Debug|Any CPU = Debug|Any CPU
		Release|Any CPU = Release|Any CPU
	EndGlobalSection
	GlobalSection(ProjectConfigurationPlatforms) = postSolution
		{7C9E3248-30F8-48B9-BE6C-0F69DF1477CC}.Debug|Any CPU.ActiveCfg = Debug|Any CPU
		{7C9E3248-30F8-48B9-BE6C-0F69DF1477CC}.Debug|Any CPU.Build.0 = Debug|Any CPU
		{7C9E3248-30F8-48B9-BE6C-0F69DF1477CC}.Release|Any CPU.ActiveCfg = Release|Any CPU
		{7C9E3248-30F8-48B9-BE6C-0F69DF1477CC}.Release|Any CPU.Build.0 = Release|Any CPU
		{D03BE23E-28CF-4E28-ACF0-474A14BF7145}.Debug|Any CPU.ActiveCfg = Debug|Any CPU
		{D03BE23E-28CF-4E28-ACF0-474A14BF7145}.Debug|Any CPU.Build.0 = Debug|Any CPU
		{D03BE23E-28CF-4E28-ACF0-474A14BF7145}.Release|Any CPU.ActiveCfg = Release|Any CPU
		{D03BE23E-28CF-4E28-ACF0-474A14BF7145}.Release|Any CPU.Build.0 = Release|Any CPU
	EndGlobalSection
	GlobalSection(SolutionProperties) = preSolution
		HideSolutionNode = FALSE
	EndGlobalSection
	GlobalSection(NestedProjects) = preSolution
		{7C9E3248-30F8-48B9-BE6C-0F69DF1477CC} = {D5B78DA6-8B3B-49F3-B618-B6B4FCB4A479}
		{D03BE23E-28CF-4E28-ACF0-474A14BF7145} = {D5B78DA6-8B3B-49F3-B618-B6B4FCB4A479}
	EndGlobalSection
	GlobalSection(ExtensibilityGlobals) = postSolution
		SolutionGuid = {9B0A95D0-8E00-4AB9-9C05-422481E626E4}
	EndGlobalSection
EndGlobal
